# Generated by buf. DO NOT EDIT.
version: v2
deps:
  - name: buf.build/gogo/protobuf
    commit: e1dbca2775a74a89955a99990de45a53
    digest: b5:9be593f336e8b0d35761a2fb5ebc4460aaee3f2d21e9d75b7fddbecb1dd53ea58a0bb447c20c33387f4e07fa7e1e439f7125663a624517cfde97c8bec68e4ecf
  - name: buf.build/protocolbuffers/wellknowntypes
    commit: 7727a3b7399540398e5736b9916f0faa
    digest: b5:172e52fc98aac252a760c27a30f4006a109c5998d2ca7ddf93963b66fe5bcb203c102c3f5807835639aa6c40d86b41de4d65b0d4a9af3918aba9453d41813f4b
